
Microsoft Visual Studio Solution File, Format Version 12.00
# Visual Studio Version 17
VisualStudioVersion = 17.4.33122.133
MinimumVisualStudioVersion = 10.0.40219.1
Project("{FAE04EC0-301F-11D3-BF4B-00C04F79EFBC}") = "Less16_Controllers", "Less16_Controllers.csproj", "{D44D3F1B-D66D-4845-AA7F-7097DEDDAAB5}"
EndProject
Global
	GlobalSection(SolutionConfigurationPlatforms) = preSolution
		Debug|Any CPU = Debug|Any CPU
		Release|Any CPU = Release|Any CPU
	EndGlobalSection
	GlobalSection(ProjectConfigurationPlatforms) = postSolution
		{D44D3F1B-D66D-4845-AA7F-7097DEDDAAB5}.Debug|Any CPU.ActiveCfg = Debug|Any CPU
		{D44D3F1B-D66D-4845-AA7F-7097DEDDAAB5}.Debug|Any CPU.Build.0 = Debug|Any CPU
		{D44D3F1B-D66D-4845-AA7F-7097DEDDAAB5}.Release|Any CPU.ActiveCfg = Release|Any CPU
		{D44D3F1B-D66D-4845-AA7F-7097DEDDAAB5}.Release|Any CPU.Build.0 = Release|Any CPU
	EndGlobalSection
	GlobalSection(SolutionProperties) = preSolution
		HideSolutionNode = FALSE
	EndGlobalSection
	GlobalSection(ExtensibilityGlobals) = postSolution
		SolutionGuid = {7F5C3C2D-E1A0-4A92-91FC-51D70E74E9B4}
	EndGlobalSection
EndGlobal
